
Microsoft Visual Studio Solution File, Format Version 12.00
# Visual Studio 14
VisualStudioVersion = 14.0.25420.1
MinimumVisualStudioVersion = 10.0.40219.1
Project("{FAE04EC0-301F-11D3-BF4B-00C04F79EFBC}") = "ConsoleApplication2", "ConsoleApplication2\ConsoleApplication2.csproj", "{4CD07AB3-E33C-49C4-9649-390642D410C9}"
EndProject
Project("{FAE04EC0-301F-11D3-BF4B-00C04F79EFBC}") = "T1", "T1\T1.csproj", "{569C4CDF-2294-4CCE-B1E7-8E3B8C6AA337}"
EndProject
Project("{FAE04EC0-301F-11D3-BF4B-00C04F79EFBC}") = "T2", "T2\T2.csproj", "{332D34D0-13EB-47C4-B878-EDE41D8F45AD}"
EndProject
Project("{FAE04EC0-301F-11D3-BF4B-00C04F79EFBC}") = "T3", "T3\T3.csproj", "{C4F37433-05E3-481A-BCF0-74D7715BDA2A}"
EndProject
Project("{FAE04EC0-301F-11D3-BF4B-00C04F79EFBC}") = "T4", "T4\T4.csproj", "{F8E5D2F7-EEF9-42AE-B874-7F887E6148A4}"
EndProject
Project("{FAE04EC0-301F-11D3-BF4B-00C04F79EFBC}") = "T5", "T5\T5.csproj", "{7247544B-FF46-4AEF-9FFC-FA7E8F8C3DCA}"
EndProject
Project("{FAE04EC0-301F-11D3-BF4B-00C04F79EFBC}") = "T6", "T6\T6.csproj", "{3414B91E-BF8E-4A5A-A026-9628CE8571A0}"
EndProject
Project("{FAE04EC0-301F-11D3-BF4B-00C04F79EFBC}") = "T7", "T7\T7.csproj", "{C5274D2F-C1A0-4FF1-85F2-FE2D13565682}"
EndProject
Project("{FAE04EC0-301F-11D3-BF4B-00C04F79EFBC}") = "T8", "T8\T8.csproj", "{1150D003-A966-4A07-A0D4-7AAF3E941D0C}"
EndProject
Project("{FAE04EC0-301F-11D3-BF4B-00C04F79EFBC}") = "T9", "T9\T9.csproj", "{B9CC3B42-DB53-4385-ADEC-35B55D64E497}"
EndProject
Project("{FAE04EC0-301F-11D3-BF4B-00C04F79EFBC}") = "T10", "T10\T10.csproj", "{A70E4091-5169-4E34-8305-B7DE96F1E0A0}"
EndProject
Project("{FAE04EC0-301F-11D3-BF4B-00C04F79EFBC}") = "T11", "T11\T11.csproj", "{FE13C033-6D46-4C1D-BE42-F8633214A558}"
EndProject
Project("{FAE04EC0-301F-11D3-BF4B-00C04F79EFBC}") = "T12", "T12\T12.csproj", "{27E4C8D7-1C93-4E0B-BC56-958525AA3D7E}"
EndProject
Project("{FAE04EC0-301F-11D3-BF4B-00C04F79EFBC}") = "T13", "T13\T13.csproj", "{4CA5E4B8-6949-4A3B-98CB-8431D84F0239}"
EndProject
Project("{FAE04EC0-301F-11D3-BF4B-00C04F79EFBC}") = "T14", "T14\T14.csproj", "{7FFD227F-8BF4-4E7F-9F3D-9A1FC95C200D}"
EndProject
Project("{FAE04EC0-301F-11D3-BF4B-00C04F79EFBC}") = "T15", "T15\T15.csproj", "{36A3721F-8F94-4247-8D4F-DC1878BF66D4}"
EndProject
Project("{FAE04EC0-301F-11D3-BF4B-00C04F79EFBC}") = "T16", "T16\T16.csproj", "{D3A3ED96-DD9D-4888-A9C2-011BBCC582FB}"
EndProject
Project("{FAE04EC0-301F-11D3-BF4B-00C04F79EFBC}") = "T17", "T17\T17.csproj", "{6382C7BE-2BA9-4C00-B49F-099C4B655B6C}"
EndProject
Project("{FAE04EC0-301F-11D3-BF4B-00C04F79EFBC}") = "T18", "T18\T18.csproj", "{3FCE4041-908C-4338-B913-D05ED04E445E}"
EndProject
Project("{FAE04EC0-301F-11D3-BF4B-00C04F79EFBC}") = "T19", "T19\T19.csproj", "{B83836DB-2444-446E-92F4-EC99E1E36AB5}"
EndProject
Project("{FAE04EC0-301F-11D3-BF4B-00C04F79EFBC}") = "T20", "T20\T20.csproj", "{E1C4B28B-736F-4BF5-9C27-EA6DF46F02A7}"
EndProject
Project("{FAE04EC0-301F-11D3-BF4B-00C04F79EFBC}") = "2T1", "2T1\2T1.csproj", "{F4E52A39-D3C8-4F0A-AC8F-776044B8D2AD}"
EndProject
Project("{2150E333-8FDC-42A3-9474-1A3956D46DE8}") = "Tehtavat 1", "Tehtavat 1", "{07172E4C-E7F2-43D0-BBDC-B71FC2BAE55A}"
EndProject
Project("{FAE04EC0-301F-11D3-BF4B-00C04F79EFBC}") = "2T6", "2T6\2T6.csproj", "{E948CB9E-DC92-4E14-8675-E0F3485A9614}"
EndProject
Global
	GlobalSection(SolutionConfigurationPlatforms) = preSolution
		Debug|Any CPU = Debug|Any CPU
		Release|Any CPU = Release|Any CPU
	EndGlobalSection
	GlobalSection(ProjectConfigurationPlatforms) = postSolution
		{4CD07AB3-E33C-49C4-9649-390642D410C9}.Debug|Any CPU.ActiveCfg = Debug|Any CPU
		{4CD07AB3-E33C-49C4-9649-390642D410C9}.Debug|Any CPU.Build.0 = Debug|Any CPU
		{4CD07AB3-E33C-49C4-9649-390642D410C9}.Release|Any CPU.ActiveCfg = Release|Any CPU
		{4CD07AB3-E33C-49C4-9649-390642D410C9}.Release|Any CPU.Build.0 = Release|Any CPU
		{569C4CDF-2294-4CCE-B1E7-8E3B8C6AA337}.Debug|Any CPU.ActiveCfg = Debug|Any CPU
		{569C4CDF-2294-4CCE-B1E7-8E3B8C6AA337}.Debug|Any CPU.Build.0 = Debug|Any CPU
		{569C4CDF-2294-4CCE-B1E7-8E3B8C6AA337}.Release|Any CPU.ActiveCfg = Release|Any CPU
		{569C4CDF-2294-4CCE-B1E7-8E3B8C6AA337}.Release|Any CPU.Build.0 = Release|Any CPU
		{332D34D0-13EB-47C4-B878-EDE41D8F45AD}.Debug|Any CPU.ActiveCfg = Debug|Any CPU
		{332D34D0-13EB-47C4-B878-EDE41D8F45AD}.Debug|Any CPU.Build.0 = Debug|Any CPU
		{332D34D0-13EB-47C4-B878-EDE41D8F45AD}.Release|Any CPU.ActiveCfg = Release|Any CPU
		{332D34D0-13EB-47C4-B878-EDE41D8F45AD}.Release|Any CPU.Build.0 = Release|Any CPU
		{C4F37433-05E3-481A-BCF0-74D7715BDA2A}.Debug|Any CPU.ActiveCfg = Debug|Any CPU
		{C4F37433-05E3-481A-BCF0-74D7715BDA2A}.Debug|Any CPU.Build.0 = Debug|Any CPU
		{C4F37433-05E3-481A-BCF0-74D7715BDA2A}.Release|Any CPU.ActiveCfg = Release|Any CPU
		{C4F37433-05E3-481A-BCF0-74D7715BDA2A}.Release|Any CPU.Build.0 = Release|Any CPU
		{F8E5D2F7-EEF9-42AE-B874-7F887E6148A4}.Debug|Any CPU.ActiveCfg = Debug|Any CPU
		{F8E5D2F7-EEF9-42AE-B874-7F887E6148A4}.Debug|Any CPU.Build.0 = Debug|Any CPU
		{F8E5D2F7-EEF9-42AE-B874-7F887E6148A4}.Release|Any CPU.ActiveCfg = Release|Any CPU
		{F8E5D2F7-EEF9-42AE-B874-7F887E6148A4}.Release|Any CPU.Build.0 = Release|Any CPU
		{7247544B-FF46-4AEF-9FFC-FA7E8F8C3DCA}.Debug|Any CPU.ActiveCfg = Debug|Any CPU
		{7247544B-FF46-4AEF-9FFC-FA7E8F8C3DCA}.Debug|Any CPU.Build.0 = Debug|Any CPU
		{7247544B-FF46-4AEF-9FFC-FA7E8F8C3DCA}.Release|Any CPU.ActiveCfg = Release|Any CPU
		{7247544B-FF46-4AEF-9FFC-FA7E8F8C3DCA}.Release|Any CPU.Build.0 = Release|Any CPU
		{3414B91E-BF8E-4A5A-A026-9628CE8571A0}.Debug|Any CPU.ActiveCfg = Debug|Any CPU
		{3414B91E-BF8E-4A5A-A026-9628CE8571A0}.Debug|Any CPU.Build.0 = Debug|Any CPU
		{3414B91E-BF8E-4A5A-A026-9628CE8571A0}.Release|Any CPU.ActiveCfg = Release|Any CPU
		{3414B91E-BF8E-4A5A-A026-9628CE8571A0}.Release|Any CPU.Build.0 = Release|Any CPU
		{C5274D2F-C1A0-4FF1-85F2-FE2D13565682}.Debug|Any CPU.ActiveCfg = Debug|Any CPU
		{C5274D2F-C1A0-4FF1-85F2-FE2D13565682}.Debug|Any CPU.Build.0 = Debug|Any CPU
		{C5274D2F-C1A0-4FF1-85F2-FE2D13565682}.Release|Any CPU.ActiveCfg = Release|Any CPU
		{C5274D2F-C1A0-4FF1-85F2-FE2D13565682}.Release|Any CPU.Build.0 = Release|Any CPU
		{1150D003-A966-4A07-A0D4-7AAF3E941D0C}.Debug|Any CPU.ActiveCfg = Debug|Any CPU
		{1150D003-A966-4A07-A0D4-7AAF3E941D0C}.Debug|Any CPU.Build.0 = Debug|Any CPU
		{1150D003-A966-4A07-A0D4-7AAF3E941D0C}.Release|Any CPU.ActiveCfg = Release|Any CPU
		{1150D003-A966-4A07-A0D4-7AAF3E941D0C}.Release|Any CPU.Build.0 = Release|Any CPU
		{B9CC3B42-DB53-4385-ADEC-35B55D64E497}.Debug|Any CPU.ActiveCfg = Debug|Any CPU
		{B9CC3B42-DB53-4385-ADEC-35B55D64E497}.Debug|Any CPU.Build.0 = Debug|Any CPU
		{B9CC3B42-DB53-4385-ADEC-35B55D64E497}.Release|Any CPU.ActiveCfg = Release|Any CPU
		{B9CC3B42-DB53-4385-ADEC-35B55D64E497}.Release|Any CPU.Build.0 = Release|Any CPU
		{A70E4091-5169-4E34-8305-B7DE96F1E0A0}.Debug|Any CPU.ActiveCfg = Debug|Any CPU
		{A70E4091-5169-4E34-8305-B7DE96F1E0A0}.Debug|Any CPU.Build.0 = Debug|Any CPU
		{A70E4091-5169-4E34-8305-B7DE96F1E0A0}.Release|Any CPU.ActiveCfg = Release|Any CPU
		{A70E4091-5169-4E34-8305-B7DE96F1E0A0}.Release|Any CPU.Build.0 = Release|Any CPU
		{FE13C033-6D46-4C1D-BE42-F8633214A558}.Debug|Any CPU.ActiveCfg = Debug|Any CPU
		{FE13C033-6D46-4C1D-BE42-F8633214A558}.Debug|Any CPU.Build.0 = Debug|Any CPU
		{FE13C033-6D46-4C1D-BE42-F8633214A558}.Release|Any CPU.ActiveCfg = Release|Any CPU
		{FE13C033-6D46-4C1D-BE42-F8633214A558}.Release|Any CPU.Build.0 = Release|Any CPU
		{27E4C8D7-1C93-4E0B-BC56-958525AA3D7E}.Debug|Any CPU.ActiveCfg = Debug|Any CPU
		{27E4C8D7-1C93-4E0B-BC56-958525AA3D7E}.Debug|Any CPU.Build.0 = Debug|Any CPU
		{27E4C8D7-1C93-4E0B-BC56-958525AA3D7E}.Release|Any CPU.ActiveCfg = Release|Any CPU
		{27E4C8D7-1C93-4E0B-BC56-958525AA3D7E}.Release|Any CPU.Build.0 = Release|Any CPU
		{4CA5E4B8-6949-4A3B-98CB-8431D84F0239}.Debug|Any CPU.ActiveCfg = Debug|Any CPU
		{4CA5E4B8-6949-4A3B-98CB-8431D84F0239}.Debug|Any CPU.Build.0 = Debug|Any CPU
		{4CA5E4B8-6949-4A3B-98CB-8431D84F0239}.Release|Any CPU.ActiveCfg = Release|Any CPU
		{4CA5E4B8-6949-4A3B-98CB-8431D84F0239}.Release|Any CPU.Build.0 = Release|Any CPU
		{7FFD227F-8BF4-4E7F-9F3D-9A1FC95C200D}.Debug|Any CPU.ActiveCfg = Debug|Any CPU
		{7FFD227F-8BF4-4E7F-9F3D-9A1FC95C200D}.Debug|Any CPU.Build.0 = Debug|Any CPU
		{7FFD227F-8BF4-4E7F-9F3D-9A1FC95C200D}.Release|Any CPU.ActiveCfg = Release|Any CPU
		{7FFD227F-8BF4-4E7F-9F3D-9A1FC95C200D}.Release|Any CPU.Build.0 = Release|Any CPU
		{36A3721F-8F94-4247-8D4F-DC1878BF66D4}.Debug|Any CPU.ActiveCfg = Debug|Any CPU
		{36A3721F-8F94-4247-8D4F-DC1878BF66D4}.Debug|Any CPU.Build.0 = Debug|Any CPU
		{36A3721F-8F94-4247-8D4F-DC1878BF66D4}.Release|Any CPU.ActiveCfg = Release|Any CPU
		{36A3721F-8F94-4247-8D4F-DC1878BF66D4}.Release|Any CPU.Build.0 = Release|Any CPU
		{D3A3ED96-DD9D-4888-A9C2-011BBCC582FB}.Debug|Any CPU.ActiveCfg = Debug|Any CPU
		{D3A3ED96-DD9D-4888-A9C2-011BBCC582FB}.Debug|Any CPU.Build.0 = Debug|Any CPU
		{D3A3ED96-DD9D-4888-A9C2-011BBCC582FB}.Release|Any CPU.ActiveCfg = Release|Any CPU
		{D3A3ED96-DD9D-4888-A9C2-011BBCC582FB}.Release|Any CPU.Build.0 = Release|Any CPU
		{6382C7BE-2BA9-4C00-B49F-099C4B655B6C}.Debug|Any CPU.ActiveCfg = Debug|Any CPU
		{6382C7BE-2BA9-4C00-B49F-099C4B655B6C}.Debug|Any CPU.Build.0 = Debug|Any CPU
		{6382C7BE-2BA9-4C00-B49F-099C4B655B6C}.Release|Any CPU.ActiveCfg = Release|Any CPU
		{6382C7BE-2BA9-4C00-B49F-099C4B655B6C}.Release|Any CPU.Build.0 = Release|Any CPU
		{3FCE4041-908C-4338-B913-D05ED04E445E}.Debug|Any CPU.ActiveCfg = Debug|Any CPU
		{3FCE4041-908C-4338-B913-D05ED04E445E}.Debug|Any CPU.Build.0 = Debug|Any CPU
		{3FCE4041-908C-4338-B913-D05ED04E445E}.Release|Any CPU.ActiveCfg = Release|Any CPU
		{3FCE4041-908C-4338-B913-D05ED04E445E}.Release|Any CPU.Build.0 = Release|Any CPU
		{B83836DB-2444-446E-92F4-EC99E1E36AB5}.Debug|Any CPU.ActiveCfg = Debug|Any CPU
		{B83836DB-2444-446E-92F4-EC99E1E36AB5}.Debug|Any CPU.Build.0 = Debug|Any CPU
		{B83836DB-2444-446E-92F4-EC99E1E36AB5}.Release|Any CPU.ActiveCfg = Release|Any CPU
		{B83836DB-2444-446E-92F4-EC99E1E36AB5}.Release|Any CPU.Build.0 = Release|Any CPU
		{E1C4B28B-736F-4BF5-9C27-EA6DF46F02A7}.Debug|Any CPU.ActiveCfg = Debug|Any CPU
		{E1C4B28B-736F-4BF5-9C27-EA6DF46F02A7}.Debug|Any CPU.Build.0 = Debug|Any CPU
		{E1C4B28B-736F-4BF5-9C27-EA6DF46F02A7}.Release|Any CPU.ActiveCfg = Release|Any CPU
		{E1C4B28B-736F-4BF5-9C27-EA6DF46F02A7}.Release|Any CPU.Build.0 = Release|Any CPU
		{F4E52A39-D3C8-4F0A-AC8F-776044B8D2AD}.Debug|Any CPU.ActiveCfg = Debug|Any CPU
		{F4E52A39-D3C8-4F0A-AC8F-776044B8D2AD}.Debug|Any CPU.Build.0 = Debug|Any CPU
		{F4E52A39-D3C8-4F0A-AC8F-776044B8D2AD}.Release|Any CPU.ActiveCfg = Release|Any CPU
		{F4E52A39-D3C8-4F0A-AC8F-776044B8D2AD}.Release|Any CPU.Build.0 = Release|Any CPU
		{E948CB9E-DC92-4E14-8675-E0F3485A9614}.Debug|Any CPU.ActiveCfg = Debug|Any CPU
		{E948CB9E-DC92-4E14-8675-E0F3485A9614}.Debug|Any CPU.Build.0 = Debug|Any CPU
		{E948CB9E-DC92-4E14-8675-E0F3485A9614}.Release|Any CPU.ActiveCfg = Release|Any CPU
		{E948CB9E-DC92-4E14-8675-E0F3485A9614}.Release|Any CPU.Build.0 = Release|Any CPU
	EndGlobalSection
	GlobalSection(SolutionProperties) = preSolution
		HideSolutionNode = FALSE
	EndGlobalSection
	GlobalSection(NestedProjects) = preSolution
		{4CD07AB3-E33C-49C4-9649-390642D410C9} = {07172E4C-E7F2-43D0-BBDC-B71FC2BAE55A}
		{569C4CDF-2294-4CCE-B1E7-8E3B8C6AA337} = {07172E4C-E7F2-43D0-BBDC-B71FC2BAE55A}
		{332D34D0-13EB-47C4-B878-EDE41D8F45AD} = {07172E4C-E7F2-43D0-BBDC-B71FC2BAE55A}
		{C4F37433-05E3-481A-BCF0-74D7715BDA2A} = {07172E4C-E7F2-43D0-BBDC-B71FC2BAE55A}
		{F8E5D2F7-EEF9-42AE-B874-7F887E6148A4} = {07172E4C-E7F2-43D0-BBDC-B71FC2BAE55A}
		{7247544B-FF46-4AEF-9FFC-FA7E8F8C3DCA} = {07172E4C-E7F2-43D0-BBDC-B71FC2BAE55A}
		{3414B91E-BF8E-4A5A-A026-9628CE8571A0} = {07172E4C-E7F2-43D0-BBDC-B71FC2BAE55A}
		{C5274D2F-C1A0-4FF1-85F2-FE2D13565682} = {07172E4C-E7F2-43D0-BBDC-B71FC2BAE55A}
		{1150D003-A966-4A07-A0D4-7AAF3E941D0C} = {07172E4C-E7F2-43D0-BBDC-B71FC2BAE55A}
		{B9CC3B42-DB53-4385-ADEC-35B55D64E497} = {07172E4C-E7F2-43D0-BBDC-B71FC2BAE55A}
		{A70E4091-5169-4E34-8305-B7DE96F1E0A0} = {07172E4C-E7F2-43D0-BBDC-B71FC2BAE55A}
		{FE13C033-6D46-4C1D-BE42-F8633214A558} = {07172E4C-E7F2-43D0-BBDC-B71FC2BAE55A}
		{27E4C8D7-1C93-4E0B-BC56-958525AA3D7E} = {07172E4C-E7F2-43D0-BBDC-B71FC2BAE55A}
		{4CA5E4B8-6949-4A3B-98CB-8431D84F0239} = {07172E4C-E7F2-43D0-BBDC-B71FC2BAE55A}
		{7FFD227F-8BF4-4E7F-9F3D-9A1FC95C200D} = {07172E4C-E7F2-43D0-BBDC-B71FC2BAE55A}
		{36A3721F-8F94-4247-8D4F-DC1878BF66D4} = {07172E4C-E7F2-43D0-BBDC-B71FC2BAE55A}
		{D3A3ED96-DD9D-4888-A9C2-011BBCC582FB} = {07172E4C-E7F2-43D0-BBDC-B71FC2BAE55A}
		{6382C7BE-2BA9-4C00-B49F-099C4B655B6C} = {07172E4C-E7F2-43D0-BBDC-B71FC2BAE55A}
		{3FCE4041-908C-4338-B913-D05ED04E445E} = {07172E4C-E7F2-43D0-BBDC-B71FC2BAE55A}
		{B83836DB-2444-446E-92F4-EC99E1E36AB5} = {07172E4C-E7F2-43D0-BBDC-B71FC2BAE55A}
		{E1C4B28B-736F-4BF5-9C27-EA6DF46F02A7} = {07172E4C-E7F2-43D0-BBDC-B71FC2BAE55A}
	EndGlobalSection
EndGlobal
